// !$*UTF8*$!
{
	archiveVersion = 1;
	classes = {
	};
	objectVersion = 55;
	objects = {

/* Begin PBXBuildFile section */
		3C0B03682BEE001400B50E14 /* OAuth2Service.swift in Sources */ = {isa = PBXBuildFile; fileRef = 3C565AE22BEA8DCA001A731D /* OAuth2Service.swift */; };
		3C565AD62BE1689C001A731D /* SF-Pro.ttf in Resources */ = {isa = PBXBuildFile; fileRef = 3C565AD52BE1689C001A731D /* SF-Pro.ttf */; };
		3C565AD82BE35284001A731D /* Constants.swift in Sources */ = {isa = PBXBuildFile; fileRef = 3C565AD72BE35284001A731D /* Constants.swift */; };
		3C565ADA2BE9260E001A731D /* AuthViewController.swift in Sources */ = {isa = PBXBuildFile; fileRef = 3C565AD92BE9260E001A731D /* AuthViewController.swift */; };
		3C565ADD2BE92782001A731D /* WebViewViewController.swift in Sources */ = {isa = PBXBuildFile; fileRef = 3C565ADC2BE92782001A731D /* WebViewViewController.swift */; };
		3C565AE12BEA884B001A731D /* URLSession+data.swift in Sources */ = {isa = PBXBuildFile; fileRef = 3C565AE02BEA884B001A731D /* URLSession+data.swift */; };
		3C565AE72BEA964D001A731D /* OAuthTokenResponseBody.swift in Sources */ = {isa = PBXBuildFile; fileRef = 3C565AE62BEA964D001A731D /* OAuthTokenResponseBody.swift */; };
		3C565AE92BEA96E0001A731D /* OAuth2TokenStorage.swift in Sources */ = {isa = PBXBuildFile; fileRef = 3C565AE82BEA96E0001A731D /* OAuth2TokenStorage.swift */; };
		3C565AEB2BEAA257001A731D /* SplashViewController.swift in Sources */ = {isa = PBXBuildFile; fileRef = 3C565AEA2BEAA257001A731D /* SplashViewController.swift */; };
		3C5971182BF69E7B00559BBF /* SwiftKeychainWrapper in Frameworks */ = {isa = PBXBuildFile; productRef = 3C5971172BF69E7B00559BBF /* SwiftKeychainWrapper */; };
		3C59711A2BF769B500559BBF /* TabBarController.swift in Sources */ = {isa = PBXBuildFile; fileRef = 3C5971192BF769B500559BBF /* TabBarController.swift */; };
		3C59711D2BF7703C00559BBF /* Kingfisher in Frameworks */ = {isa = PBXBuildFile; productRef = 3C59711C2BF7703C00559BBF /* Kingfisher */; };
		3C59711F2BF7712000559BBF /* ProfileImageService.swift in Sources */ = {isa = PBXBuildFile; fileRef = 3C59711E2BF7712000559BBF /* ProfileImageService.swift */; };
		3C5971212BF7718700559BBF /* Profile.swift in Sources */ = {isa = PBXBuildFile; fileRef = 3C5971202BF7718700559BBF /* Profile.swift */; };
		3C5971232BF8B08900559BBF /* ProfileResult.swift in Sources */ = {isa = PBXBuildFile; fileRef = 3C5971222BF8B08900559BBF /* ProfileResult.swift */; };
		3C5971252BF8B0AA00559BBF /* UserResult.swift in Sources */ = {isa = PBXBuildFile; fileRef = 3C5971242BF8B0AA00559BBF /* UserResult.swift */; };
		3C5971292BF8B29E00559BBF /* ProfileService.swift in Sources */ = {isa = PBXBuildFile; fileRef = 3C5971282BF8B29E00559BBF /* ProfileService.swift */; };
		3C59712B2BF8B2C700559BBF /* UIBlockingProgressHUD.swift in Sources */ = {isa = PBXBuildFile; fileRef = 3C59712A2BF8B2C700559BBF /* UIBlockingProgressHUD.swift */; };
		3C59712D2BFBAFE500559BBF /* ImagesListService.swift in Sources */ = {isa = PBXBuildFile; fileRef = 3C59712C2BFBAFE500559BBF /* ImagesListService.swift */; };
		3C59712F2BFBB01700559BBF /* Photo.swift in Sources */ = {isa = PBXBuildFile; fileRef = 3C59712E2BFBB01700559BBF /* Photo.swift */; };
		3C5971312BFBB2EE00559BBF /* LikeResult.swift in Sources */ = {isa = PBXBuildFile; fileRef = 3C5971302BFBB2EE00559BBF /* LikeResult.swift */; };
		3C5971332BFBB35B00559BBF /* PhotoResult.swift in Sources */ = {isa = PBXBuildFile; fileRef = 3C5971322BFBB35A00559BBF /* PhotoResult.swift */; };
		3C5971352BFBB38400559BBF /* UrlsResult.swift in Sources */ = {isa = PBXBuildFile; fileRef = 3C5971342BFBB38400559BBF /* UrlsResult.swift */; };
		3C5971372BFBB55300559BBF /* ProfileLogoutService.swift in Sources */ = {isa = PBXBuildFile; fileRef = 3C5971362BFBB55300559BBF /* ProfileLogoutService.swift */; };
		3C5F5D272BFE1A960017E3BC /* ProgressHUD in Frameworks */ = {isa = PBXBuildFile; productRef = 3C5F5D262BFE1A960017E3BC /* ProgressHUD */; };
		3C632E692BBE9285001B2641 /* SingleImageViewController.swift in Sources */ = {isa = PBXBuildFile; fileRef = 3C632E682BBE9285001B2641 /* SingleImageViewController.swift */; };
		3CA9D6582BA777B100E7A239 /* AppDelegate.swift in Sources */ = {isa = PBXBuildFile; fileRef = 3CA9D6572BA777B100E7A239 /* AppDelegate.swift */; };
		3CA9D65A2BA777B100E7A239 /* SceneDelegate.swift in Sources */ = {isa = PBXBuildFile; fileRef = 3CA9D6592BA777B100E7A239 /* SceneDelegate.swift */; };
		3CA9D65C2BA777B100E7A239 /* ImagesListViewController.swift in Sources */ = {isa = PBXBuildFile; fileRef = 3CA9D65B2BA777B100E7A239 /* ImagesListViewController.swift */; };
		3CA9D65F2BA777B100E7A239 /* Base in Resources */ = {isa = PBXBuildFile; fileRef = 3CA9D65E2BA777B100E7A239 /* Base */; };
		3CA9D6612BA777B300E7A239 /* Assets.xcassets in Resources */ = {isa = PBXBuildFile; fileRef = 3CA9D6602BA777B300E7A239 /* Assets.xcassets */; };
		3CA9D6642BA777B300E7A239 /* Base in Resources */ = {isa = PBXBuildFile; fileRef = 3CA9D6632BA777B300E7A239 /* Base */; };
		3CA9D66F2BA777B400E7A239 /* LentagramTests.swift in Sources */ = {isa = PBXBuildFile; fileRef = 3CA9D66E2BA777B400E7A239 /* LentagramTests.swift */; };
		3CA9D6792BA777B400E7A239 /* LentagramUITests.swift in Sources */ = {isa = PBXBuildFile; fileRef = 3CA9D6782BA777B400E7A239 /* LentagramUITests.swift */; };
		3CA9D67B2BA777B400E7A239 /* LentagramUITestsLaunchTests.swift in Sources */ = {isa = PBXBuildFile; fileRef = 3CA9D67A2BA777B400E7A239 /* LentagramUITestsLaunchTests.swift */; };
		3CA9D6882BA7817D00E7A239 /* ImagesListCell.swift in Sources */ = {isa = PBXBuildFile; fileRef = 3CA9D6872BA7817D00E7A239 /* ImagesListCell.swift */; };
		3CA9D6C62BBC807800E7A239 /* ProfileViewController.swift in Sources */ = {isa = PBXBuildFile; fileRef = 3CA9D6C52BBC807800E7A239 /* ProfileViewController.swift */; };
/* End PBXBuildFile section */

/* Begin PBXContainerItemProxy section */
		3CA9D66B2BA777B400E7A239 /* PBXContainerItemProxy */ = {
			isa = PBXContainerItemProxy;
			containerPortal = 3CA9D64C2BA777B100E7A239 /* Project object */;
			proxyType = 1;
			remoteGlobalIDString = 3CA9D6532BA777B100E7A239;
			remoteInfo = Lentagram;
		};
		3CA9D6752BA777B400E7A239 /* PBXContainerItemProxy */ = {
			isa = PBXContainerItemProxy;
			containerPortal = 3CA9D64C2BA777B100E7A239 /* Project object */;
			proxyType = 1;
			remoteGlobalIDString = 3CA9D6532BA777B100E7A239;
			remoteInfo = Lentagram;
		};
/* End PBXContainerItemProxy section */

/* Begin PBXFileReference section */
		3C565AD52BE1689C001A731D /* SF-Pro.ttf */ = {isa = PBXFileReference; lastKnownFileType = file; path = "SF-Pro.ttf"; sourceTree = "<group>"; };
		3C565AD72BE35284001A731D /* Constants.swift */ = {isa = PBXFileReference; lastKnownFileType = sourcecode.swift; path = Constants.swift; sourceTree = "<group>"; };
		3C565AD92BE9260E001A731D /* AuthViewController.swift */ = {isa = PBXFileReference; lastKnownFileType = sourcecode.swift; path = AuthViewController.swift; sourceTree = "<group>"; };
		3C565ADC2BE92782001A731D /* WebViewViewController.swift */ = {isa = PBXFileReference; lastKnownFileType = sourcecode.swift; path = WebViewViewController.swift; sourceTree = "<group>"; };
		3C565AE02BEA884B001A731D /* URLSession+data.swift */ = {isa = PBXFileReference; lastKnownFileType = sourcecode.swift; path = "URLSession+data.swift"; sourceTree = "<group>"; };
		3C565AE22BEA8DCA001A731D /* OAuth2Service.swift */ = {isa = PBXFileReference; lastKnownFileType = sourcecode.swift; path = OAuth2Service.swift; sourceTree = "<group>"; };
		3C565AE62BEA964D001A731D /* OAuthTokenResponseBody.swift */ = {isa = PBXFileReference; lastKnownFileType = sourcecode.swift; path = OAuthTokenResponseBody.swift; sourceTree = "<group>"; };
		3C565AE82BEA96E0001A731D /* OAuth2TokenStorage.swift */ = {isa = PBXFileReference; lastKnownFileType = sourcecode.swift; path = OAuth2TokenStorage.swift; sourceTree = "<group>"; };
		3C565AEA2BEAA257001A731D /* SplashViewController.swift */ = {isa = PBXFileReference; lastKnownFileType = sourcecode.swift; path = SplashViewController.swift; sourceTree = "<group>"; };
		3C5971192BF769B500559BBF /* TabBarController.swift */ = {isa = PBXFileReference; lastKnownFileType = sourcecode.swift; path = TabBarController.swift; sourceTree = "<group>"; };
		3C59711E2BF7712000559BBF /* ProfileImageService.swift */ = {isa = PBXFileReference; lastKnownFileType = sourcecode.swift; name = ProfileImageService.swift; path = ../../ProfileImageService.swift; sourceTree = "<group>"; };
		3C5971202BF7718700559BBF /* Profile.swift */ = {isa = PBXFileReference; lastKnownFileType = sourcecode.swift; path = Profile.swift; sourceTree = "<group>"; };
		3C5971222BF8B08900559BBF /* ProfileResult.swift */ = {isa = PBXFileReference; lastKnownFileType = sourcecode.swift; path = ProfileResult.swift; sourceTree = "<group>"; };
		3C5971242BF8B0AA00559BBF /* UserResult.swift */ = {isa = PBXFileReference; lastKnownFileType = sourcecode.swift; path = UserResult.swift; sourceTree = "<group>"; };
		3C5971282BF8B29E00559BBF /* ProfileService.swift */ = {isa = PBXFileReference; lastKnownFileType = sourcecode.swift; path = ProfileService.swift; sourceTree = "<group>"; };
		3C59712A2BF8B2C700559BBF /* UIBlockingProgressHUD.swift */ = {isa = PBXFileReference; lastKnownFileType = sourcecode.swift; path = UIBlockingProgressHUD.swift; sourceTree = "<group>"; };
		3C59712C2BFBAFE500559BBF /* ImagesListService.swift */ = {isa = PBXFileReference; lastKnownFileType = sourcecode.swift; path = ImagesListService.swift; sourceTree = "<group>"; };
		3C59712E2BFBB01700559BBF /* Photo.swift */ = {isa = PBXFileReference; lastKnownFileType = sourcecode.swift; path = Photo.swift; sourceTree = "<group>"; };
		3C5971302BFBB2EE00559BBF /* LikeResult.swift */ = {isa = PBXFileReference; lastKnownFileType = sourcecode.swift; path = LikeResult.swift; sourceTree = "<group>"; };
		3C5971322BFBB35A00559BBF /* PhotoResult.swift */ = {isa = PBXFileReference; lastKnownFileType = sourcecode.swift; path = PhotoResult.swift; sourceTree = "<group>"; };
		3C5971342BFBB38400559BBF /* UrlsResult.swift */ = {isa = PBXFileReference; lastKnownFileType = sourcecode.swift; path = UrlsResult.swift; sourceTree = "<group>"; };
		3C5971362BFBB55300559BBF /* ProfileLogoutService.swift */ = {isa = PBXFileReference; lastKnownFileType = sourcecode.swift; path = ProfileLogoutService.swift; sourceTree = "<group>"; };
		3C632E682BBE9285001B2641 /* SingleImageViewController.swift */ = {isa = PBXFileReference; lastKnownFileType = sourcecode.swift; path = SingleImageViewController.swift; sourceTree = "<group>"; };
		3CA9D6542BA777B100E7A239 /* Lentagram.app */ = {isa = PBXFileReference; explicitFileType = wrapper.application; includeInIndex = 0; path = Lentagram.app; sourceTree = BUILT_PRODUCTS_DIR; };
		3CA9D6572BA777B100E7A239 /* AppDelegate.swift */ = {isa = PBXFileReference; lastKnownFileType = sourcecode.swift; path = AppDelegate.swift; sourceTree = "<group>"; };
		3CA9D6592BA777B100E7A239 /* SceneDelegate.swift */ = {isa = PBXFileReference; lastKnownFileType = sourcecode.swift; path = SceneDelegate.swift; sourceTree = "<group>"; };
		3CA9D65B2BA777B100E7A239 /* ImagesListViewController.swift */ = {isa = PBXFileReference; lastKnownFileType = sourcecode.swift; path = ImagesListViewController.swift; sourceTree = "<group>"; };
		3CA9D65E2BA777B100E7A239 /* Base */ = {isa = PBXFileReference; lastKnownFileType = file.storyboard; name = Base; path = Base.lproj/Main.storyboard; sourceTree = "<group>"; };
		3CA9D6602BA777B300E7A239 /* Assets.xcassets */ = {isa = PBXFileReference; lastKnownFileType = folder.assetcatalog; path = Assets.xcassets; sourceTree = "<group>"; };
		3CA9D6632BA777B300E7A239 /* Base */ = {isa = PBXFileReference; lastKnownFileType = file.storyboard; name = Base; path = Base.lproj/LaunchScreen.storyboard; sourceTree = "<group>"; };
		3CA9D6652BA777B300E7A239 /* Info.plist */ = {isa = PBXFileReference; lastKnownFileType = text.plist.xml; path = Info.plist; sourceTree = "<group>"; };
		3CA9D66A2BA777B400E7A239 /* LentagramTests.xctest */ = {isa = PBXFileReference; explicitFileType = wrapper.cfbundle; includeInIndex = 0; path = LentagramTests.xctest; sourceTree = BUILT_PRODUCTS_DIR; };
		3CA9D66E2BA777B400E7A239 /* LentagramTests.swift */ = {isa = PBXFileReference; lastKnownFileType = sourcecode.swift; path = LentagramTests.swift; sourceTree = "<group>"; };
		3CA9D6742BA777B400E7A239 /* LentagramUITests.xctest */ = {isa = PBXFileReference; explicitFileType = wrapper.cfbundle; includeInIndex = 0; path = LentagramUITests.xctest; sourceTree = BUILT_PRODUCTS_DIR; };
		3CA9D6782BA777B400E7A239 /* LentagramUITests.swift */ = {isa = PBXFileReference; lastKnownFileType = sourcecode.swift; path = LentagramUITests.swift; sourceTree = "<group>"; };
		3CA9D67A2BA777B400E7A239 /* LentagramUITestsLaunchTests.swift */ = {isa = PBXFileReference; lastKnownFileType = sourcecode.swift; path = LentagramUITestsLaunchTests.swift; sourceTree = "<group>"; };
		3CA9D6872BA7817D00E7A239 /* ImagesListCell.swift */ = {isa = PBXFileReference; lastKnownFileType = sourcecode.swift; path = ImagesListCell.swift; sourceTree = "<group>"; };
		3CA9D6C52BBC807800E7A239 /* ProfileViewController.swift */ = {isa = PBXFileReference; lastKnownFileType = sourcecode.swift; path = ProfileViewController.swift; sourceTree = "<group>"; };
/* End PBXFileReference section */

/* Begin PBXFrameworksBuildPhase section */
		3CA9D6512BA777B100E7A239 /* Frameworks */ = {
			isa = PBXFrameworksBuildPhase;
			buildActionMask = 2147483647;
			files = (
				3C5F5D272BFE1A960017E3BC /* ProgressHUD in Frameworks */,
				3C59711D2BF7703C00559BBF /* Kingfisher in Frameworks */,
				3C5971182BF69E7B00559BBF /* SwiftKeychainWrapper in Frameworks */,
			);
			runOnlyForDeploymentPostprocessing = 0;
		};
		3CA9D6672BA777B400E7A239 /* Frameworks */ = {
			isa = PBXFrameworksBuildPhase;
			buildActionMask = 2147483647;
			files = (
			);
			runOnlyForDeploymentPostprocessing = 0;
		};
		3CA9D6712BA777B400E7A239 /* Frameworks */ = {
			isa = PBXFrameworksBuildPhase;
			buildActionMask = 2147483647;
			files = (
			);
			runOnlyForDeploymentPostprocessing = 0;
		};
/* End PBXFrameworksBuildPhase section */

/* Begin PBXGroup section */
		3C565ADB2BE92662001A731D /* Auth */ = {
			isa = PBXGroup;
			children = (
				3C565AD92BE9260E001A731D /* AuthViewController.swift */,
				3C565ADC2BE92782001A731D /* WebViewViewController.swift */,
			);
			path = Auth;
			sourceTree = "<group>";
		};
		3C565AE42BEA8F76001A731D /* Services */ = {
			isa = PBXGroup;
			children = (
				3C565AE02BEA884B001A731D /* URLSession+data.swift */,
				3C565AE22BEA8DCA001A731D /* OAuth2Service.swift */,
				3C59711E2BF7712000559BBF /* ProfileImageService.swift */,
				3C5971282BF8B29E00559BBF /* ProfileService.swift */,
				3C59712A2BF8B2C700559BBF /* UIBlockingProgressHUD.swift */,
				3C59712C2BFBAFE500559BBF /* ImagesListService.swift */,
				3C5971362BFBB55300559BBF /* ProfileLogoutService.swift */,
			);
			path = Services;
			sourceTree = "<group>";
		};
		3C565AE52BEA9626001A731D /* Models */ = {
			isa = PBXGroup;
			children = (
				3C565AE62BEA964D001A731D /* OAuthTokenResponseBody.swift */,
				3C565AE82BEA96E0001A731D /* OAuth2TokenStorage.swift */,
				3C5971202BF7718700559BBF /* Profile.swift */,
				3C5971222BF8B08900559BBF /* ProfileResult.swift */,
				3C5971242BF8B0AA00559BBF /* UserResult.swift */,
				3C59712E2BFBB01700559BBF /* Photo.swift */,
				3C5971302BFBB2EE00559BBF /* LikeResult.swift */,
				3C5971322BFBB35A00559BBF /* PhotoResult.swift */,
				3C5971342BFBB38400559BBF /* UrlsResult.swift */,
			);
			path = Models;
			sourceTree = "<group>";
		};
		3CA9D64B2BA777B100E7A239 = {
			isa = PBXGroup;
			children = (
				3CA9D6562BA777B100E7A239 /* Lentagram */,
				3CA9D66D2BA777B400E7A239 /* LentagramTests */,
				3CA9D6772BA777B400E7A239 /* LentagramUITests */,
				3CA9D6552BA777B100E7A239 /* Products */,
			);
			sourceTree = "<group>";
		};
		3CA9D6552BA777B100E7A239 /* Products */ = {
			isa = PBXGroup;
			children = (
				3CA9D6542BA777B100E7A239 /* Lentagram.app */,
				3CA9D66A2BA777B400E7A239 /* LentagramTests.xctest */,
				3CA9D6742BA777B400E7A239 /* LentagramUITests.xctest */,
			);
			name = Products;
			sourceTree = "<group>";
		};
		3CA9D6562BA777B100E7A239 /* Lentagram */ = {
			isa = PBXGroup;
			children = (
				3C565ADB2BE92662001A731D /* Auth */,
				3CA9D6892BA781A300E7A239 /* ImagesList */,
				3C565AE52BEA9626001A731D /* Models */,
				3C565AE42BEA8F76001A731D /* Services */,
				3C565AD72BE35284001A731D /* Constants.swift */,
				3CA9D6C52BBC807800E7A239 /* ProfileViewController.swift */,
				3CA9D6572BA777B100E7A239 /* AppDelegate.swift */,
				3CA9D6592BA777B100E7A239 /* SceneDelegate.swift */,
				3CA9D65D2BA777B100E7A239 /* Main.storyboard */,
				3C632E682BBE9285001B2641 /* SingleImageViewController.swift */,
				3C5971192BF769B500559BBF /* TabBarController.swift */,
				3C565AEA2BEAA257001A731D /* SplashViewController.swift */,
				3CA9D6602BA777B300E7A239 /* Assets.xcassets */,
				3C565AD52BE1689C001A731D /* SF-Pro.ttf */,
				3CA9D6622BA777B300E7A239 /* LaunchScreen.storyboard */,
				3CA9D6652BA777B300E7A239 /* Info.plist */,
			);
			path = Lentagram;
			sourceTree = "<group>";
		};
		3CA9D66D2BA777B400E7A239 /* LentagramTests */ = {
			isa = PBXGroup;
			children = (
				3CA9D66E2BA777B400E7A239 /* LentagramTests.swift */,
			);
			path = LentagramTests;
			sourceTree = "<group>";
		};
		3CA9D6772BA777B400E7A239 /* LentagramUITests */ = {
			isa = PBXGroup;
			children = (
				3CA9D6782BA777B400E7A239 /* LentagramUITests.swift */,
				3CA9D67A2BA777B400E7A239 /* LentagramUITestsLaunchTests.swift */,
			);
			path = LentagramUITests;
			sourceTree = "<group>";
		};
		3CA9D6892BA781A300E7A239 /* ImagesList */ = {
			isa = PBXGroup;
			children = (
				3CA9D65B2BA777B100E7A239 /* ImagesListViewController.swift */,
				3CA9D6872BA7817D00E7A239 /* ImagesListCell.swift */,
			);
			path = ImagesList;
			sourceTree = "<group>";
		};
/* End PBXGroup section */

/* Begin PBXNativeTarget section */
		3CA9D6532BA777B100E7A239 /* Lentagram */ = {
			isa = PBXNativeTarget;
			buildConfigurationList = 3CA9D67E2BA777B400E7A239 /* Build configuration list for PBXNativeTarget "Lentagram" */;
			buildPhases = (
				3CA9D6502BA777B100E7A239 /* Sources */,
				3CA9D6512BA777B100E7A239 /* Frameworks */,
				3CA9D6522BA777B100E7A239 /* Resources */,
			);
			buildRules = (
			);
			dependencies = (
			);
			name = Lentagram;
			packageProductDependencies = (
				3C5971172BF69E7B00559BBF /* SwiftKeychainWrapper */,
				3C59711C2BF7703C00559BBF /* Kingfisher */,
				3C5F5D262BFE1A960017E3BC /* ProgressHUD */,
			);
			productName = Lentagram;
			productReference = 3CA9D6542BA777B100E7A239 /* Lentagram.app */;
			productType = "com.apple.product-type.application";
		};
		3CA9D6692BA777B400E7A239 /* LentagramTests */ = {
			isa = PBXNativeTarget;
			buildConfigurationList = 3CA9D6812BA777B400E7A239 /* Build configuration list for PBXNativeTarget "LentagramTests" */;
			buildPhases = (
				3CA9D6662BA777B400E7A239 /* Sources */,
				3CA9D6672BA777B400E7A239 /* Frameworks */,
				3CA9D6682BA777B400E7A239 /* Resources */,
			);
			buildRules = (
			);
			dependencies = (
				3CA9D66C2BA777B400E7A239 /* PBXTargetDependency */,
			);
			name = LentagramTests;
			productName = LentagramTests;
			productReference = 3CA9D66A2BA777B400E7A239 /* LentagramTests.xctest */;
			productType = "com.apple.product-type.bundle.unit-test";
		};
		3CA9D6732BA777B400E7A239 /* LentagramUITests */ = {
			isa = PBXNativeTarget;
			buildConfigurationList = 3CA9D6842BA777B400E7A239 /* Build configuration list for PBXNativeTarget "LentagramUITests" */;
			buildPhases = (
				3CA9D6702BA777B400E7A239 /* Sources */,
				3CA9D6712BA777B400E7A239 /* Frameworks */,
				3CA9D6722BA777B400E7A239 /* Resources */,
			);
			buildRules = (
			);
			dependencies = (
				3CA9D6762BA777B400E7A239 /* PBXTargetDependency */,
			);
			name = LentagramUITests;
			productName = LentagramUITests;
			productReference = 3CA9D6742BA777B400E7A239 /* LentagramUITests.xctest */;
			productType = "com.apple.product-type.bundle.ui-testing";
		};
/* End PBXNativeTarget section */

/* Begin PBXProject section */
		3CA9D64C2BA777B100E7A239 /* Project object */ = {
			isa = PBXProject;
			attributes = {
				BuildIndependentTargetsInParallel = 1;
				LastSwiftUpdateCheck = 1530;
				LastUpgradeCheck = 1530;
				TargetAttributes = {
					3CA9D6532BA777B100E7A239 = {
						CreatedOnToolsVersion = 15.3;
					};
					3CA9D6692BA777B400E7A239 = {
						CreatedOnToolsVersion = 15.3;
						TestTargetID = 3CA9D6532BA777B100E7A239;
					};
					3CA9D6732BA777B400E7A239 = {
						CreatedOnToolsVersion = 15.3;
						TestTargetID = 3CA9D6532BA777B100E7A239;
					};
				};
			};
			buildConfigurationList = 3CA9D64F2BA777B100E7A239 /* Build configuration list for PBXProject "Lentagram" */;
			compatibilityVersion = "Xcode 13.0";
			developmentRegion = en;
			hasScannedForEncodings = 0;
			knownRegions = (
				en,
				Base,
			);
			mainGroup = 3CA9D64B2BA777B100E7A239;
			packageReferences = (
				3C5971162BF69E7A00559BBF /* XCRemoteSwiftPackageReference "SwiftKeychainWrapper" */,
				3C59711B2BF7703C00559BBF /* XCRemoteSwiftPackageReference "Kingfisher" */,
				3C5F5D252BFE1A960017E3BC /* XCRemoteSwiftPackageReference "ProgressHUD" */,
			);
			productRefGroup = 3CA9D6552BA777B100E7A239 /* Products */;
			projectDirPath = "";
			projectRoot = "";
			targets = (
				3CA9D6532BA777B100E7A239 /* Lentagram */,
				3CA9D6692BA777B400E7A239 /* LentagramTests */,
				3CA9D6732BA777B400E7A239 /* LentagramUITests */,
			);
		};
/* End PBXProject section */

/* Begin PBXResourcesBuildPhase section */
		3CA9D6522BA777B100E7A239 /* Resources */ = {
			isa = PBXResourcesBuildPhase;
			buildActionMask = 2147483647;
			files = (
				3CA9D6612BA777B300E7A239 /* Assets.xcassets in Resources */,
				3C565AD62BE1689C001A731D /* SF-Pro.ttf in Resources */,
				3CA9D6642BA777B300E7A239 /* Base in Resources */,
				3CA9D65F2BA777B100E7A239 /* Base in Resources */,
			);
			runOnlyForDeploymentPostprocessing = 0;
		};
		3CA9D6682BA777B400E7A239 /* Resources */ = {
			isa = PBXResourcesBuildPhase;
			buildActionMask = 2147483647;
			files = (
			);
			runOnlyForDeploymentPostprocessing = 0;
		};
		3CA9D6722BA777B400E7A239 /* Resources */ = {
			isa = PBXResourcesBuildPhase;
			buildActionMask = 2147483647;
			files = (
			);
			runOnlyForDeploymentPostprocessing = 0;
		};
/* End PBXResourcesBuildPhase section */

/* Begin PBXSourcesBuildPhase section */
		3CA9D6502BA777B100E7A239 /* Sources */ = {
			isa = PBXSourcesBuildPhase;
			buildActionMask = 2147483647;
			files = (
				3C5971212BF7718700559BBF /* Profile.swift in Sources */,
				3CA9D65C2BA777B100E7A239 /* ImagesListViewController.swift in Sources */,
				3C5971372BFBB55300559BBF /* ProfileLogoutService.swift in Sources */,
				3CA9D6882BA7817D00E7A239 /* ImagesListCell.swift in Sources */,
				3C565AE72BEA964D001A731D /* OAuthTokenResponseBody.swift in Sources */,
				3C59711A2BF769B500559BBF /* TabBarController.swift in Sources */,
				3CA9D6C62BBC807800E7A239 /* ProfileViewController.swift in Sources */,
				3CA9D6582BA777B100E7A239 /* AppDelegate.swift in Sources */,
				3C59712D2BFBAFE500559BBF /* ImagesListService.swift in Sources */,
				3C565AEB2BEAA257001A731D /* SplashViewController.swift in Sources */,
				3C0B03682BEE001400B50E14 /* OAuth2Service.swift in Sources */,
				3C59712B2BF8B2C700559BBF /* UIBlockingProgressHUD.swift in Sources */,
				3C5971332BFBB35B00559BBF /* PhotoResult.swift in Sources */,
				3C565ADA2BE9260E001A731D /* AuthViewController.swift in Sources */,
				3C59711F2BF7712000559BBF /* ProfileImageService.swift in Sources */,
				3C5971252BF8B0AA00559BBF /* UserResult.swift in Sources */,
				3C565AD82BE35284001A731D /* Constants.swift in Sources */,
				3C632E692BBE9285001B2641 /* SingleImageViewController.swift in Sources */,
				3C59712F2BFBB01700559BBF /* Photo.swift in Sources */,
				3C565ADD2BE92782001A731D /* WebViewViewController.swift in Sources */,
				3C565AE12BEA884B001A731D /* URLSession+data.swift in Sources */,
				3C565AE92BEA96E0001A731D /* OAuth2TokenStorage.swift in Sources */,
				3C5971232BF8B08900559BBF /* ProfileResult.swift in Sources */,
				3CA9D65A2BA777B100E7A239 /* SceneDelegate.swift in Sources */,
				3C5971292BF8B29E00559BBF /* ProfileService.swift in Sources */,
				3C5971352BFBB38400559BBF /* UrlsResult.swift in Sources */,
				3C5971312BFBB2EE00559BBF /* LikeResult.swift in Sources */,
			);
			runOnlyForDeploymentPostprocessing = 0;
		};
		3CA9D6662BA777B400E7A239 /* Sources */ = {
			isa = PBXSourcesBuildPhase;
			buildActionMask = 2147483647;
			files = (
				3CA9D66F2BA777B400E7A239 /* LentagramTests.swift in Sources */,
			);
			runOnlyForDeploymentPostprocessing = 0;
		};
		3CA9D6702BA777B400E7A239 /* Sources */ = {
			isa = PBXSourcesBuildPhase;
			buildActionMask = 2147483647;
			files = (
				3CA9D67B2BA777B400E7A239 /* LentagramUITestsLaunchTests.swift in Sources */,
				3CA9D6792BA777B400E7A239 /* LentagramUITests.swift in Sources */,
			);
			runOnlyForDeploymentPostprocessing = 0;
		};
/* End PBXSourcesBuildPhase section */

/* Begin PBXTargetDependency section */
		3CA9D66C2BA777B400E7A239 /* PBXTargetDependency */ = {
			isa = PBXTargetDependency;
			target = 3CA9D6532BA777B100E7A239 /* Lentagram */;
			targetProxy = 3CA9D66B2BA777B400E7A239 /* PBXContainerItemProxy */;
		};
		3CA9D6762BA777B400E7A239 /* PBXTargetDependency */ = {
			isa = PBXTargetDependency;
			target = 3CA9D6532BA777B100E7A239 /* Lentagram */;
			targetProxy = 3CA9D6752BA777B400E7A239 /* PBXContainerItemProxy */;
		};
/* End PBXTargetDependency section */

/* Begin PBXVariantGroup section */
		3CA9D65D2BA777B100E7A239 /* Main.storyboard */ = {
			isa = PBXVariantGroup;
			children = (
				3CA9D65E2BA777B100E7A239 /* Base */,
			);
			name = Main.storyboard;
			sourceTree = "<group>";
		};
		3CA9D6622BA777B300E7A239 /* LaunchScreen.storyboard */ = {
			isa = PBXVariantGroup;
			children = (
				3CA9D6632BA777B300E7A239 /* Base */,
			);
			name = LaunchScreen.storyboard;
			sourceTree = "<group>";
		};
/* End PBXVariantGroup section */

/* Begin XCBuildConfiguration section */
		3CA9D67C2BA777B400E7A239 /* Debug */ = {
			isa = XCBuildConfiguration;
			buildSettings = {
				ALWAYS_SEARCH_USER_PATHS = NO;
				ASSETCATALOG_COMPILER_GENERATE_SWIFT_ASSET_SYMBOL_EXTENSIONS = YES;
				CLANG_ANALYZER_NONNULL = YES;
				CLANG_ANALYZER_NUMBER_OBJECT_CONVERSION = YES_AGGRESSIVE;
				CLANG_CXX_LANGUAGE_STANDARD = "gnu++20";
				CLANG_ENABLE_MODULES = YES;
				CLANG_ENABLE_OBJC_ARC = YES;
				CLANG_ENABLE_OBJC_WEAK = YES;
				CLANG_WARN_BLOCK_CAPTURE_AUTORELEASING = YES;
				CLANG_WARN_BOOL_CONVERSION = YES;
				CLANG_WARN_COMMA = YES;
				CLANG_WARN_CONSTANT_CONVERSION = YES;
				CLANG_WARN_DEPRECATED_OBJC_IMPLEMENTATIONS = YES;
				CLANG_WARN_DIRECT_OBJC_ISA_USAGE = YES_ERROR;
				CLANG_WARN_DOCUMENTATION_COMMENTS = YES;
				CLANG_WARN_EMPTY_BODY = YES;
				CLANG_WARN_ENUM_CONVERSION = YES;
				CLANG_WARN_INFINITE_RECURSION = YES;
				CLANG_WARN_INT_CONVERSION = YES;
				CLANG_WARN_NON_LITERAL_NULL_CONVERSION = YES;
				CLANG_WARN_OBJC_IMPLICIT_RETAIN_SELF = YES;
				CLANG_WARN_OBJC_LITERAL_CONVERSION = YES;
				CLANG_WARN_OBJC_ROOT_CLASS = YES_ERROR;
				CLANG_WARN_QUOTED_INCLUDE_IN_FRAMEWORK_HEADER = YES;
				CLANG_WARN_RANGE_LOOP_ANALYSIS = YES;
				CLANG_WARN_STRICT_PROTOTYPES = YES;
				CLANG_WARN_SUSPICIOUS_MOVE = YES;
				CLANG_WARN_UNGUARDED_AVAILABILITY = YES_AGGRESSIVE;
				CLANG_WARN_UNREACHABLE_CODE = YES;
				CLANG_WARN__DUPLICATE_METHOD_MATCH = YES;
				COPY_PHASE_STRIP = NO;
				DEBUG_INFORMATION_FORMAT = dwarf;
				ENABLE_STRICT_OBJC_MSGSEND = YES;
				ENABLE_TESTABILITY = YES;
				ENABLE_USER_SCRIPT_SANDBOXING = YES;
				GCC_C_LANGUAGE_STANDARD = gnu17;
				GCC_DYNAMIC_NO_PIC = NO;
				GCC_NO_COMMON_BLOCKS = YES;
				GCC_OPTIMIZATION_LEVEL = 0;
				GCC_PREPROCESSOR_DEFINITIONS = (
					"DEBUG=1",
					"$(inherited)",
				);
				GCC_WARN_64_TO_32_BIT_CONVERSION = YES;
				GCC_WARN_ABOUT_RETURN_TYPE = YES_ERROR;
				GCC_WARN_UNDECLARED_SELECTOR = YES;
				GCC_WARN_UNINITIALIZED_AUTOS = YES_AGGRESSIVE;
				GCC_WARN_UNUSED_FUNCTION = YES;
				GCC_WARN_UNUSED_VARIABLE = YES;
				IPHONEOS_DEPLOYMENT_TARGET = 13.0;
				LOCALIZATION_PREFERS_STRING_CATALOGS = YES;
				MTL_ENABLE_DEBUG_INFO = INCLUDE_SOURCE;
				MTL_FAST_MATH = YES;
				ONLY_ACTIVE_ARCH = YES;
				SDKROOT = iphoneos;
				SWIFT_ACTIVE_COMPILATION_CONDITIONS = "DEBUG $(inherited)";
				SWIFT_OPTIMIZATION_LEVEL = "-Onone";
			};
			name = Debug;
		};
		3CA9D67D2BA777B400E7A239 /* Release */ = {
			isa = XCBuildConfiguration;
			buildSettings = {
				ALWAYS_SEARCH_USER_PATHS = NO;
				ASSETCATALOG_COMPILER_GENERATE_SWIFT_ASSET_SYMBOL_EXTENSIONS = YES;
				CLANG_ANALYZER_NONNULL = YES;
				CLANG_ANALYZER_NUMBER_OBJECT_CONVERSION = YES_AGGRESSIVE;
				CLANG_CXX_LANGUAGE_STANDARD = "gnu++20";
				CLANG_ENABLE_MODULES = YES;
				CLANG_ENABLE_OBJC_ARC = YES;
				CLANG_ENABLE_OBJC_WEAK = YES;
				CLANG_WARN_BLOCK_CAPTURE_AUTORELEASING = YES;
				CLANG_WARN_BOOL_CONVERSION = YES;
				CLANG_WARN_COMMA = YES;
				CLANG_WARN_CONSTANT_CONVERSION = YES;
				CLANG_WARN_DEPRECATED_OBJC_IMPLEMENTATIONS = YES;
				CLANG_WARN_DIRECT_OBJC_ISA_USAGE = YES_ERROR;
				CLANG_WARN_DOCUMENTATION_COMMENTS = YES;
				CLANG_WARN_EMPTY_BODY = YES;
				CLANG_WARN_ENUM_CONVERSION = YES;
				CLANG_WARN_INFINITE_RECURSION = YES;
				CLANG_WARN_INT_CONVERSION = YES;
				CLANG_WARN_NON_LITERAL_NULL_CONVERSION = YES;
				CLANG_WARN_OBJC_IMPLICIT_RETAIN_SELF = YES;
				CLANG_WARN_OBJC_LITERAL_CONVERSION = YES;
				CLANG_WARN_OBJC_ROOT_CLASS = YES_ERROR;
				CLANG_WARN_QUOTED_INCLUDE_IN_FRAMEWORK_HEADER = YES;
				CLANG_WARN_RANGE_LOOP_ANALYSIS = YES;
				CLANG_WARN_STRICT_PROTOTYPES = YES;
				CLANG_WARN_SUSPICIOUS_MOVE = YES;
				CLANG_WARN_UNGUARDED_AVAILABILITY = YES_AGGRESSIVE;
				CLANG_WARN_UNREACHABLE_CODE = YES;
				CLANG_WARN__DUPLICATE_METHOD_MATCH = YES;
				COPY_PHASE_STRIP = NO;
				DEBUG_INFORMATION_FORMAT = "dwarf-with-dsym";
				ENABLE_NS_ASSERTIONS = NO;
				ENABLE_STRICT_OBJC_MSGSEND = YES;
				ENABLE_USER_SCRIPT_SANDBOXING = YES;
				GCC_C_LANGUAGE_STANDARD = gnu17;
				GCC_NO_COMMON_BLOCKS = YES;
				GCC_WARN_64_TO_32_BIT_CONVERSION = YES;
				GCC_WARN_ABOUT_RETURN_TYPE = YES_ERROR;
				GCC_WARN_UNDECLARED_SELECTOR = YES;
				GCC_WARN_UNINITIALIZED_AUTOS = YES_AGGRESSIVE;
				GCC_WARN_UNUSED_FUNCTION = YES;
				GCC_WARN_UNUSED_VARIABLE = YES;
				IPHONEOS_DEPLOYMENT_TARGET = 13.0;
				LOCALIZATION_PREFERS_STRING_CATALOGS = YES;
				MTL_ENABLE_DEBUG_INFO = NO;
				MTL_FAST_MATH = YES;
				SDKROOT = iphoneos;
				SWIFT_COMPILATION_MODE = wholemodule;
				VALIDATE_PRODUCT = YES;
			};
			name = Release;
		};
		3CA9D67F2BA777B400E7A239 /* Debug */ = {
			isa = XCBuildConfiguration;
			buildSettings = {
				ASSETCATALOG_COMPILER_APPICON_NAME = AppIcon;
				ASSETCATALOG_COMPILER_GLOBAL_ACCENT_COLOR_NAME = AccentColor;
				CODE_SIGN_STYLE = Automatic;
				CURRENT_PROJECT_VERSION = 1;
				DEVELOPMENT_TEAM = 5VR55PX3MR;
				GENERATE_INFOPLIST_FILE = YES;
				INFOPLIST_FILE = Lentagram/Info.plist;
				INFOPLIST_KEY_UIApplicationSupportsIndirectInputEvents = YES;
				INFOPLIST_KEY_UILaunchStoryboardName = LaunchScreen;
				INFOPLIST_KEY_UIMainStoryboardFile = Main;
				INFOPLIST_KEY_UISupportedInterfaceOrientations = UIInterfaceOrientationPortrait;
				INFOPLIST_KEY_UISupportedInterfaceOrientations_iPad = "UIInterfaceOrientationLandscapeLeft UIInterfaceOrientationLandscapeRight UIInterfaceOrientationPortrait UIInterfaceOrientationPortraitUpsideDown";
				IPHONEOS_DEPLOYMENT_TARGET = 13.0;
				LD_RUNPATH_SEARCH_PATHS = (
					"$(inherited)",
					"@executable_path/Frameworks",
				);
				MARKETING_VERSION = 1.0;
				PRODUCT_BUNDLE_IDENTIFIER = ru.PRO100COD3.Lentagram;
				PRODUCT_NAME = "$(TARGET_NAME)";
				SUPPORTED_PLATFORMS = "iphoneos iphonesimulator";
				SUPPORTS_MACCATALYST = NO;
				SWIFT_EMIT_LOC_STRINGS = YES;
				SWIFT_VERSION = 5.0;
				TARGETED_DEVICE_FAMILY = 1;
			};
			name = Debug;
		};
		3CA9D6802BA777B400E7A239 /* Release */ = {
			isa = XCBuildConfiguration;
			buildSettings = {
				ASSETCATALOG_COMPILER_APPICON_NAME = AppIcon;
				ASSETCATALOG_COMPILER_GLOBAL_ACCENT_COLOR_NAME = AccentColor;
				CODE_SIGN_STYLE = Automatic;
				CURRENT_PROJECT_VERSION = 1;
				DEVELOPMENT_TEAM = 5VR55PX3MR;
				GENERATE_INFOPLIST_FILE = YES;
				INFOPLIST_FILE = Lentagram/Info.plist;
				INFOPLIST_KEY_UIApplicationSupportsIndirectInputEvents = YES;
				INFOPLIST_KEY_UILaunchStoryboardName = LaunchScreen;
				INFOPLIST_KEY_UIMainStoryboardFile = Main;
				INFOPLIST_KEY_UISupportedInterfaceOrientations = UIInterfaceOrientationPortrait;
				INFOPLIST_KEY_UISupportedInterfaceOrientations_iPad = "UIInterfaceOrientationLandscapeLeft UIInterfaceOrientationLandscapeRight UIInterfaceOrientationPortrait UIInterfaceOrientationPortraitUpsideDown";
				IPHONEOS_DEPLOYMENT_TARGET = 13.0;
				LD_RUNPATH_SEARCH_PATHS = (
					"$(inherited)",
					"@executable_path/Frameworks",
				);
				MARKETING_VERSION = 1.0;
				PRODUCT_BUNDLE_IDENTIFIER = ru.PRO100COD3.Lentagram;
				PRODUCT_NAME = "$(TARGET_NAME)";
				SUPPORTED_PLATFORMS = "iphoneos iphonesimulator";
				SUPPORTS_MACCATALYST = NO;
				SWIFT_EMIT_LOC_STRINGS = YES;
				SWIFT_VERSION = 5.0;
				TARGETED_DEVICE_FAMILY = 1;
			};
			name = Release;
		};
		3CA9D6822BA777B400E7A239 /* Debug */ = {
			isa = XCBuildConfiguration;
			buildSettings = {
				ALWAYS_EMBED_SWIFT_STANDARD_LIBRARIES = YES;
				BUNDLE_LOADER = "$(TEST_HOST)";
				CODE_SIGN_STYLE = Automatic;
				CURRENT_PROJECT_VERSION = 1;
				DEVELOPMENT_TEAM = 5VR55PX3MR;
				GENERATE_INFOPLIST_FILE = YES;
				IPHONEOS_DEPLOYMENT_TARGET = 17.4;
				MARKETING_VERSION = 1.0;
				PRODUCT_BUNDLE_IDENTIFIER = ru.PRO100COD3.LentagramTests;
				PRODUCT_NAME = "$(TARGET_NAME)";
				SWIFT_EMIT_LOC_STRINGS = NO;
				SWIFT_VERSION = 5.0;
				TARGETED_DEVICE_FAMILY = "1,2";
				TEST_HOST = "$(BUILT_PRODUCTS_DIR)/Lentagram.app/$(BUNDLE_EXECUTABLE_FOLDER_PATH)/Lentagram";
			};
			name = Debug;
		};
		3CA9D6832BA777B400E7A239 /* Release */ = {
			isa = XCBuildConfiguration;
			buildSettings = {
				ALWAYS_EMBED_SWIFT_STANDARD_LIBRARIES = YES;
				BUNDLE_LOADER = "$(TEST_HOST)";
				CODE_SIGN_STYLE = Automatic;
				CURRENT_PROJECT_VERSION = 1;
				DEVELOPMENT_TEAM = 5VR55PX3MR;
				GENERATE_INFOPLIST_FILE = YES;
				IPHONEOS_DEPLOYMENT_TARGET = 17.4;
				MARKETING_VERSION = 1.0;
				PRODUCT_BUNDLE_IDENTIFIER = ru.PRO100COD3.LentagramTests;
				PRODUCT_NAME = "$(TARGET_NAME)";
				SWIFT_EMIT_LOC_STRINGS = NO;
				SWIFT_VERSION = 5.0;
				TARGETED_DEVICE_FAMILY = "1,2";
				TEST_HOST = "$(BUILT_PRODUCTS_DIR)/Lentagram.app/$(BUNDLE_EXECUTABLE_FOLDER_PATH)/Lentagram";
			};
			name = Release;
		};
		3CA9D6852BA777B400E7A239 /* Debug */ = {
			isa = XCBuildConfiguration;
			buildSettings = {
				ALWAYS_EMBED_SWIFT_STANDARD_LIBRARIES = YES;
				CODE_SIGN_STYLE = Automatic;
				CURRENT_PROJECT_VERSION = 1;
				DEVELOPMENT_TEAM = 5VR55PX3MR;
				GENERATE_INFOPLIST_FILE = YES;
				MARKETING_VERSION = 1.0;
				PRODUCT_BUNDLE_IDENTIFIER = ru.PRO100COD3.LentagramUITests;
				PRODUCT_NAME = "$(TARGET_NAME)";
				SWIFT_EMIT_LOC_STRINGS = NO;
				SWIFT_VERSION = 5.0;
				TARGETED_DEVICE_FAMILY = "1,2";
				TEST_TARGET_NAME = Lentagram;
			};
			name = Debug;
		};
		3CA9D6862BA777B400E7A239 /* Release */ = {
			isa = XCBuildConfiguration;
			buildSettings = {
				ALWAYS_EMBED_SWIFT_STANDARD_LIBRARIES = YES;
				CODE_SIGN_STYLE = Automatic;
				CURRENT_PROJECT_VERSION = 1;
				DEVELOPMENT_TEAM = 5VR55PX3MR;
				GENERATE_INFOPLIST_FILE = YES;
				MARKETING_VERSION = 1.0;
				PRODUCT_BUNDLE_IDENTIFIER = ru.PRO100COD3.LentagramUITests;
				PRODUCT_NAME = "$(TARGET_NAME)";
				SWIFT_EMIT_LOC_STRINGS = NO;
				SWIFT_VERSION = 5.0;
				TARGETED_DEVICE_FAMILY = "1,2";
				TEST_TARGET_NAME = Lentagram;
			};
			name = Release;
		};
/* End XCBuildConfiguration section */

/* Begin XCConfigurationList section */
		3CA9D64F2BA777B100E7A239 /* Build configuration list for PBXProject "Lentagram" */ = {
			isa = XCConfigurationList;
			buildConfigurations = (
				3CA9D67C2BA777B400E7A239 /* Debug */,
				3CA9D67D2BA777B400E7A239 /* Release */,
			);
			defaultConfigurationIsVisible = 0;
			defaultConfigurationName = Release;
		};
		3CA9D67E2BA777B400E7A239 /* Build configuration list for PBXNativeTarget "Lentagram" */ = {
			isa = XCConfigurationList;
			buildConfigurations = (
				3CA9D67F2BA777B400E7A239 /* Debug */,
				3CA9D6802BA777B400E7A239 /* Release */,
			);
			defaultConfigurationIsVisible = 0;
			defaultConfigurationName = Release;
		};
		3CA9D6812BA777B400E7A239 /* Build configuration list for PBXNativeTarget "LentagramTests" */ = {
			isa = XCConfigurationList;
			buildConfigurations = (
				3CA9D6822BA777B400E7A239 /* Debug */,
				3CA9D6832BA777B400E7A239 /* Release */,
			);
			defaultConfigurationIsVisible = 0;
			defaultConfigurationName = Release;
		};
		3CA9D6842BA777B400E7A239 /* Build configuration list for PBXNativeTarget "LentagramUITests" */ = {
			isa = XCConfigurationList;
			buildConfigurations = (
				3CA9D6852BA777B400E7A239 /* Debug */,
				3CA9D6862BA777B400E7A239 /* Release */,
			);
			defaultConfigurationIsVisible = 0;
			defaultConfigurationName = Release;
		};
/* End XCConfigurationList section */

/* Begin XCRemoteSwiftPackageReference section */
		3C5971162BF69E7A00559BBF /* XCRemoteSwiftPackageReference "SwiftKeychainWrapper" */ = {
			isa = XCRemoteSwiftPackageReference;
			repositoryURL = "https://github.com/jrendel/SwiftKeychainWrapper";
			requirement = {
				kind = exactVersion;
				version = 4.0.1;
			};
		};
		3C59711B2BF7703C00559BBF /* XCRemoteSwiftPackageReference "Kingfisher" */ = {
			isa = XCRemoteSwiftPackageReference;
			repositoryURL = "https://github.com/onevcat/Kingfisher";
			requirement = {
				kind = exactVersion;
				version = 7.11.0;
			};
		};
		3C5F5D252BFE1A960017E3BC /* XCRemoteSwiftPackageReference "ProgressHUD" */ = {
			isa = XCRemoteSwiftPackageReference;
			repositoryURL = "https://github.com/relatedcode/ProgressHUD";
			requirement = {
				kind = exactVersion;
				version = 14.1.3;
			};
		};
/* End XCRemoteSwiftPackageReference section */

/* Begin XCSwiftPackageProductDependency section */
		3C5971172BF69E7B00559BBF /* SwiftKeychainWrapper */ = {
			isa = XCSwiftPackageProductDependency;
			package = 3C5971162BF69E7A00559BBF /* XCRemoteSwiftPackageReference "SwiftKeychainWrapper" */;
			productName = SwiftKeychainWrapper;
		};
		3C59711C2BF7703C00559BBF /* Kingfisher */ = {
			isa = XCSwiftPackageProductDependency;
			package = 3C59711B2BF7703C00559BBF /* XCRemoteSwiftPackageReference "Kingfisher" */;
			productName = Kingfisher;
		};
		3C5F5D262BFE1A960017E3BC /* ProgressHUD */ = {
			isa = XCSwiftPackageProductDependency;
			package = 3C5F5D252BFE1A960017E3BC /* XCRemoteSwiftPackageReference "ProgressHUD" */;
			productName = ProgressHUD;
		};
/* End XCSwiftPackageProductDependency section */
	};
	rootObject = 3CA9D64C2BA777B100E7A239 /* Project object */;
}
